
Microsoft Visual Studio Solution File, Format Version 12.00
# Visual Studio 15
VisualStudioVersion = 15.0.27428.2015
MinimumVisualStudioVersion = 10.0.40219.1
Project("{FAE04EC0-301F-11D3-BF4B-00C04F79EFBC}") = "ShineHelper", "ShineHelper\ShineHelper.csproj", "{D5DE4EBC-7925-4C8F-973C-361FE5C9562F}"
EndProject
Global
	GlobalSection(SolutionConfigurationPlatforms) = preSolution
		Debug|Any CPU = Debug|Any CPU
		Release|Any CPU = Release|Any CPU
	EndGlobalSection
	GlobalSection(ProjectConfigurationPlatforms) = postSolution
		{D5DE4EBC-7925-4C8F-973C-361FE5C9562F}.Debug|Any CPU.ActiveCfg = Debug|Any CPU
		{D5DE4EBC-7925-4C8F-973C-361FE5C9562F}.Debug|Any CPU.Build.0 = Debug|Any CPU
		{D5DE4EBC-7925-4C8F-973C-361FE5C9562F}.Release|Any CPU.ActiveCfg = Release|Any CPU
		{D5DE4EBC-7925-4C8F-973C-361FE5C9562F}.Release|Any CPU.Build.0 = Release|Any CPU
	EndGlobalSection
	GlobalSection(SolutionProperties) = preSolution
		HideSolutionNode = FALSE
	EndGlobalSection
	GlobalSection(ExtensibilityGlobals) = postSolution
		SolutionGuid = {113EC924-BC49-40A6-AD7A-6F214CC9A22F}
	EndGlobalSection
EndGlobal
